
Microsoft Visual Studio Solution File, Format Version 12.00
# Visual Studio Version 17
VisualStudioVersion = 17.7.34221.43
MinimumVisualStudioVersion = 10.0.40219.1
Project("{9A19103F-16F7-4668-BE54-9A1E7A4F7556}") = "HubCentra_A1", "HubCentra_A1.csproj", "{09B6EDE8-CE96-4C09-B893-C1B20F4DEDC4}"
EndProject
Project("{54435603-DBB4-11D2-8724-00A0C9A8B90C}") = "HubCentra_A1_Setup", "..\HubCentra_A1_Setup\HubCentra_A1_Setup.vdproj", "{E93011AA-7EE2-4355-8F35-5F08FC68A4C6}"
EndProject
Global
	GlobalSection(SolutionConfigurationPlatforms) = preSolution
		Debug|Any CPU = Debug|Any CPU
		Release|Any CPU = Release|Any CPU
	EndGlobalSection
	GlobalSection(ProjectConfigurationPlatforms) = postSolution
		{09B6EDE8-CE96-4C09-B893-C1B20F4DEDC4}.Debug|Any CPU.ActiveCfg = Debug|Any CPU
		{09B6EDE8-CE96-4C09-B893-C1B20F4DEDC4}.Debug|Any CPU.Build.0 = Debug|Any CPU
		{09B6EDE8-CE96-4C09-B893-C1B20F4DEDC4}.Release|Any CPU.ActiveCfg = Release|Any CPU
		{09B6EDE8-CE96-4C09-B893-C1B20F4DEDC4}.Release|Any CPU.Build.0 = Release|Any CPU
		{E93011AA-7EE2-4355-8F35-5F08FC68A4C6}.Debug|Any CPU.ActiveCfg = Release
		{E93011AA-7EE2-4355-8F35-5F08FC68A4C6}.Release|Any CPU.ActiveCfg = Release
		{E93011AA-7EE2-4355-8F35-5F08FC68A4C6}.Release|Any CPU.Build.0 = Release
	EndGlobalSection
	GlobalSection(SolutionProperties) = preSolution
		HideSolutionNode = FALSE
	EndGlobalSection
	GlobalSection(ExtensibilityGlobals) = postSolution
		SolutionGuid = {0203118D-00C7-4B96-8F64-CF75741B5AE0}
	EndGlobalSection
EndGlobal
